
Microsoft Visual Studio Solution File, Format Version 12.00
# Visual Studio Version 16
VisualStudioVersion = 16.0.32929.386
MinimumVisualStudioVersion = 10.0.40219.1
Project("{FAE04EC0-301F-11D3-BF4B-00C04F79EFBC}") = "Sales_System", "Sales_System.csproj", "{313D8088-D31A-4AF4-B99A-7B6073BCDB71}"
EndProject
Global
	GlobalSection(SolutionConfigurationPlatforms) = preSolution
		Debug|Any CPU = Debug|Any CPU
		Release|Any CPU = Release|Any CPU
	EndGlobalSection
	GlobalSection(ProjectConfigurationPlatforms) = postSolution
		{313D8088-D31A-4AF4-B99A-7B6073BCDB71}.Debug|Any CPU.ActiveCfg = Debug|Any CPU
		{313D8088-D31A-4AF4-B99A-7B6073BCDB71}.Debug|Any CPU.Build.0 = Debug|Any CPU
		{313D8088-D31A-4AF4-B99A-7B6073BCDB71}.Release|Any CPU.ActiveCfg = Release|Any CPU
		{313D8088-D31A-4AF4-B99A-7B6073BCDB71}.Release|Any CPU.Build.0 = Release|Any CPU
	EndGlobalSection
	GlobalSection(SolutionProperties) = preSolution
		HideSolutionNode = FALSE
	EndGlobalSection
	GlobalSection(ExtensibilityGlobals) = postSolution
		SolutionGuid = {843D6D66-8BD9-480C-98C8-F1B2A84BBC59}
	EndGlobalSection
EndGlobal
